
Microsoft Visual Studio Solution File, Format Version 12.00
# Visual Studio Version 17
VisualStudioVersion = 17.0.32112.339
MinimumVisualStudioVersion = 10.0.40219.1
Project("{9A19103F-16F7-4668-BE54-9A1E7A4F7556}") = "CustomEnnemies", "CustomEnnemies.csproj", "{C4621B2F-CC6A-429C-AAB5-B0C3B90FC359}"
EndProject
Global
	GlobalSection(SolutionConfigurationPlatforms) = preSolution
		Debug|Any CPU = Debug|Any CPU
		Release|Any CPU = Release|Any CPU
	EndGlobalSection
	GlobalSection(ProjectConfigurationPlatforms) = postSolution
		{C4621B2F-CC6A-429C-AAB5-B0C3B90FC359}.Debug|Any CPU.ActiveCfg = Debug|Any CPU
		{C4621B2F-CC6A-429C-AAB5-B0C3B90FC359}.Debug|Any CPU.Build.0 = Debug|Any CPU
		{C4621B2F-CC6A-429C-AAB5-B0C3B90FC359}.Release|Any CPU.ActiveCfg = Release|Any CPU
		{C4621B2F-CC6A-429C-AAB5-B0C3B90FC359}.Release|Any CPU.Build.0 = Release|Any CPU
	EndGlobalSection
	GlobalSection(SolutionProperties) = preSolution
		HideSolutionNode = FALSE
	EndGlobalSection
	GlobalSection(ExtensibilityGlobals) = postSolution
		SolutionGuid = {5DA23A2B-9B0A-410A-93AB-D80B5DF417E7}
	EndGlobalSection
EndGlobal
